
Microsoft Visual Studio Solution File, Format Version 12.00
# Visual Studio Version 17
VisualStudioVersion = 17.2.32526.322
MinimumVisualStudioVersion = 10.0.40219.1
Project("{FAE04EC0-301F-11D3-BF4B-00C04F79EFBC}") = "WikiFlight", "WikiFlight\WikiFlight.csproj", "{973F16D8-31C3-4F94-AF24-2492E5AE729E}"
EndProject
Global
	GlobalSection(SolutionConfigurationPlatforms) = preSolution
		Debug|Any CPU = Debug|Any CPU
		Release|Any CPU = Release|Any CPU
	EndGlobalSection
	GlobalSection(ProjectConfigurationPlatforms) = postSolution
		{973F16D8-31C3-4F94-AF24-2492E5AE729E}.Debug|Any CPU.ActiveCfg = Debug|Any CPU
		{973F16D8-31C3-4F94-AF24-2492E5AE729E}.Debug|Any CPU.Build.0 = Debug|Any CPU
		{973F16D8-31C3-4F94-AF24-2492E5AE729E}.Release|Any CPU.ActiveCfg = Release|Any CPU
		{973F16D8-31C3-4F94-AF24-2492E5AE729E}.Release|Any CPU.Build.0 = Release|Any CPU
	EndGlobalSection
	GlobalSection(SolutionProperties) = preSolution
		HideSolutionNode = FALSE
	EndGlobalSection
	GlobalSection(ExtensibilityGlobals) = postSolution
		SolutionGuid = {3DDA507C-D538-4955-9195-F72B4BAE9E9B}
	EndGlobalSection
EndGlobal
